
Microsoft Visual Studio Solution File, Format Version 12.00
# Visual Studio Version 17
VisualStudioVersion = 17.5.33530.505
MinimumVisualStudioVersion = 10.0.40219.1
Project("{FAE04EC0-301F-11D3-BF4B-00C04F79EFBC}") = "Week4-hw-Array", "Week4-hw-Array.csproj", "{40F3924B-DFB0-45B9-A4D7-56167E0DCBED}"
EndProject
Global
	GlobalSection(SolutionConfigurationPlatforms) = preSolution
		Debug|Any CPU = Debug|Any CPU
		Release|Any CPU = Release|Any CPU
	EndGlobalSection
	GlobalSection(ProjectConfigurationPlatforms) = postSolution
		{40F3924B-DFB0-45B9-A4D7-56167E0DCBED}.Debug|Any CPU.ActiveCfg = Debug|Any CPU
		{40F3924B-DFB0-45B9-A4D7-56167E0DCBED}.Debug|Any CPU.Build.0 = Debug|Any CPU
		{40F3924B-DFB0-45B9-A4D7-56167E0DCBED}.Release|Any CPU.ActiveCfg = Release|Any CPU
		{40F3924B-DFB0-45B9-A4D7-56167E0DCBED}.Release|Any CPU.Build.0 = Release|Any CPU
	EndGlobalSection
	GlobalSection(SolutionProperties) = preSolution
		HideSolutionNode = FALSE
	EndGlobalSection
	GlobalSection(ExtensibilityGlobals) = postSolution
		SolutionGuid = {B4C12786-4776-4D99-91AD-C2ECD3811F7D}
	EndGlobalSection
EndGlobal
