
Microsoft Visual Studio Solution File, Format Version 12.00
# Visual Studio Version 17
VisualStudioVersion = 17.5.33530.505
MinimumVisualStudioVersion = 10.0.40219.1
Project("{FAE04EC0-301F-11D3-BF4B-00C04F79EFBC}") = "w5-hw-String", "w5-hw-String.csproj", "{1C83EC36-E1F8-435C-8629-BD9DACF0FDCA}"
EndProject
Global
	GlobalSection(SolutionConfigurationPlatforms) = preSolution
		Debug|Any CPU = Debug|Any CPU
		Release|Any CPU = Release|Any CPU
	EndGlobalSection
	GlobalSection(ProjectConfigurationPlatforms) = postSolution
		{1C83EC36-E1F8-435C-8629-BD9DACF0FDCA}.Debug|Any CPU.ActiveCfg = Debug|Any CPU
		{1C83EC36-E1F8-435C-8629-BD9DACF0FDCA}.Debug|Any CPU.Build.0 = Debug|Any CPU
		{1C83EC36-E1F8-435C-8629-BD9DACF0FDCA}.Release|Any CPU.ActiveCfg = Release|Any CPU
		{1C83EC36-E1F8-435C-8629-BD9DACF0FDCA}.Release|Any CPU.Build.0 = Release|Any CPU
	EndGlobalSection
	GlobalSection(SolutionProperties) = preSolution
		HideSolutionNode = FALSE
	EndGlobalSection
	GlobalSection(ExtensibilityGlobals) = postSolution
		SolutionGuid = {3F15F5EC-8852-487E-8162-F1F2468A76FC}
	EndGlobalSection
EndGlobal
